
Microsoft Visual Studio Solution File, Format Version 12.00
# Visual Studio Version 16
VisualStudioVersion = 16.0.29411.108
MinimumVisualStudioVersion = 10.0.40219.1
Project("{FAE04EC0-301F-11D3-BF4B-00C04F79EFBC}") = "Gonzalez.Entitdades", "Gonzalez.Entitdades.csproj", "{C47337A7-44DA-4B1E-AE9F-9B7394BC7657}"
EndProject
Project("{FAE04EC0-301F-11D3-BF4B-00C04F79EFBC}") = "Gonzalez.Datos", "..\Gonzalez.Datos\Gonzalez.Datos.csproj", "{76AA3141-BC9A-46B7-B1B4-4A0E7A9AE20F}"
EndProject
Project("{FAE04EC0-301F-11D3-BF4B-00C04F79EFBC}") = "Gonzalez.Negocio", "..\Gonzalez.Negocio\Gonzalez.Negocio.csproj", "{4B666265-B41B-477B-BEB9-95F77D544078}"
EndProject
Project("{FAE04EC0-301F-11D3-BF4B-00C04F79EFBC}") = "Gonzalez.Escritorio", "..\Gonzalez.Escritorio\Gonzalez.Escritorio.csproj", "{449C8721-A215-4502-9388-931AF8431A56}"
EndProject
Project("{FAE04EC0-301F-11D3-BF4B-00C04F79EFBC}") = "Gonzalez.Web", "..\Gonzalez.Web\Gonzalez.Web.csproj", "{BE1E4AF0-2CA4-4741-A870-5689BB2745A9}"
EndProject
Global
	GlobalSection(SolutionConfigurationPlatforms) = preSolution
		Debug|Any CPU = Debug|Any CPU
		Release|Any CPU = Release|Any CPU
	EndGlobalSection
	GlobalSection(ProjectConfigurationPlatforms) = postSolution
		{C47337A7-44DA-4B1E-AE9F-9B7394BC7657}.Debug|Any CPU.ActiveCfg = Debug|Any CPU
		{C47337A7-44DA-4B1E-AE9F-9B7394BC7657}.Debug|Any CPU.Build.0 = Debug|Any CPU
		{C47337A7-44DA-4B1E-AE9F-9B7394BC7657}.Release|Any CPU.ActiveCfg = Release|Any CPU
		{C47337A7-44DA-4B1E-AE9F-9B7394BC7657}.Release|Any CPU.Build.0 = Release|Any CPU
		{76AA3141-BC9A-46B7-B1B4-4A0E7A9AE20F}.Debug|Any CPU.ActiveCfg = Debug|Any CPU
		{76AA3141-BC9A-46B7-B1B4-4A0E7A9AE20F}.Debug|Any CPU.Build.0 = Debug|Any CPU
		{76AA3141-BC9A-46B7-B1B4-4A0E7A9AE20F}.Release|Any CPU.ActiveCfg = Release|Any CPU
		{76AA3141-BC9A-46B7-B1B4-4A0E7A9AE20F}.Release|Any CPU.Build.0 = Release|Any CPU
		{4B666265-B41B-477B-BEB9-95F77D544078}.Debug|Any CPU.ActiveCfg = Debug|Any CPU
		{4B666265-B41B-477B-BEB9-95F77D544078}.Debug|Any CPU.Build.0 = Debug|Any CPU
		{4B666265-B41B-477B-BEB9-95F77D544078}.Release|Any CPU.ActiveCfg = Release|Any CPU
		{4B666265-B41B-477B-BEB9-95F77D544078}.Release|Any CPU.Build.0 = Release|Any CPU
		{449C8721-A215-4502-9388-931AF8431A56}.Debug|Any CPU.ActiveCfg = Debug|Any CPU
		{449C8721-A215-4502-9388-931AF8431A56}.Debug|Any CPU.Build.0 = Debug|Any CPU
		{449C8721-A215-4502-9388-931AF8431A56}.Release|Any CPU.ActiveCfg = Release|Any CPU
		{449C8721-A215-4502-9388-931AF8431A56}.Release|Any CPU.Build.0 = Release|Any CPU
		{BE1E4AF0-2CA4-4741-A870-5689BB2745A9}.Debug|Any CPU.ActiveCfg = Debug|Any CPU
		{BE1E4AF0-2CA4-4741-A870-5689BB2745A9}.Debug|Any CPU.Build.0 = Debug|Any CPU
		{BE1E4AF0-2CA4-4741-A870-5689BB2745A9}.Release|Any CPU.ActiveCfg = Release|Any CPU
		{BE1E4AF0-2CA4-4741-A870-5689BB2745A9}.Release|Any CPU.Build.0 = Release|Any CPU
	EndGlobalSection
	GlobalSection(SolutionProperties) = preSolution
		HideSolutionNode = FALSE
	EndGlobalSection
	GlobalSection(ExtensibilityGlobals) = postSolution
		SolutionGuid = {4BEFEA02-846A-420F-9832-A7020ACC26B2}
	EndGlobalSection
EndGlobal
